{"accredit_status":"no","product_name":"eacoophp","product_verion":"1.2.3","build_verion":"201803051301","access_token":"7f3c5c892bc69435df66f6701f037379","expiring_time":"","status_show_text":"EacooPHP-v1.2.3 <a class=\"btn btn-warning btn-flat btn-xs\" href=\"http:\/\/www.eacoo123.com\/pricing\" target=\"_blank\">\u672a\u6388\u6743<\/a>&nbsp;&nbsp;&nbsp;"}